// !$*UTF8*$!
{
	archiveVersion = 1;
	classes = {
	};
	objectVersion = 56;
	objects = {

/* Begin PBXBuildFile section */
		D3752D4E2E29FB8B0057A766 /* TheMovieManagerLoginView.swift in Sources */ = {isa = PBXBuildFile; fileRef = D3752D4A2E29FA820057A766 /* TheMovieManagerLoginView.swift */; };
		D3752D502E29FBF30057A766 /* LoginViewModel.swift in Sources */ = {isa = PBXBuildFile; fileRef = D380A7D82E289FE100312BE7 /* LoginViewModel.swift */; };
		D3752D622E2C7A2A0057A766 /* TheMovieManagerSearchView.swift in Sources */ = {isa = PBXBuildFile; fileRef = D3752D612E2C7A2A0057A766 /* TheMovieManagerSearchView.swift */; };
		D3752D642E2C7A380057A766 /* SearchViewModel.swift in Sources */ = {isa = PBXBuildFile; fileRef = D3752D632E2C7A380057A766 /* SearchViewModel.swift */; };
		D3752D682E2C7AD10057A766 /* TMDBClient.swift in Sources */ = {isa = PBXBuildFile; fileRef = D3752D672E2C7AD10057A766 /* TMDBClient.swift */; };
		D3752D6A2E2C7D5B0057A766 /* TMDBResponse.swift in Sources */ = {isa = PBXBuildFile; fileRef = D3752D692E2C7D5B0057A766 /* TMDBResponse.swift */; };
		D3752D6C2E2C7E930057A766 /* TheMovieManagerWatchlistView.swift in Sources */ = {isa = PBXBuildFile; fileRef = D3752D6B2E2C7E930057A766 /* TheMovieManagerWatchlistView.swift */; };
		D3752D6E2E2C7ED50057A766 /* TheMovieManagerWatchlistViewModel.swift in Sources */ = {isa = PBXBuildFile; fileRef = D3752D6D2E2C7ED50057A766 /* TheMovieManagerWatchlistViewModel.swift */; };
		D3752D702E2C7F130057A766 /* Movie.swift in Sources */ = {isa = PBXBuildFile; fileRef = D3752D6F2E2C7F130057A766 /* Movie.swift */; };
		D3752D722E2C7FBA0057A766 /* TheMovieManagerFavoritesView.swift in Sources */ = {isa = PBXBuildFile; fileRef = D3752D712E2C7FBA0057A766 /* TheMovieManagerFavoritesView.swift */; };
		D3752D742E2C7FD50057A766 /* TheMovieManagerFavoritesViewModel.swift in Sources */ = {isa = PBXBuildFile; fileRef = D3752D732E2C7FD50057A766 /* TheMovieManagerFavoritesViewModel.swift */; };
		D3752D772E2C80960057A766 /* TheMovieManagerMovieDetailViewModel.swift in Sources */ = {isa = PBXBuildFile; fileRef = D3752D762E2C80960057A766 /* TheMovieManagerMovieDetailViewModel.swift */; };
		D3752D792E2C80BC0057A766 /* TheMovieManagerMovieDetailView.swift in Sources */ = {isa = PBXBuildFile; fileRef = D3752D782E2C80BC0057A766 /* TheMovieManagerMovieDetailView.swift */; };
		D3752D7B2E2C83340057A766 /* RequestTokenResponse.swift in Sources */ = {isa = PBXBuildFile; fileRef = D3752D7A2E2C83340057A766 /* RequestTokenResponse.swift */; };
		D3752D7D2E2C834E0057A766 /* SessionResponse.swift in Sources */ = {isa = PBXBuildFile; fileRef = D3752D7C2E2C834E0057A766 /* SessionResponse.swift */; };
		D3752D7F2E2C83640057A766 /* MovieResults.swift in Sources */ = {isa = PBXBuildFile; fileRef = D3752D7E2E2C83640057A766 /* MovieResults.swift */; };
		D3752D852E2C8D600057A766 /* MarkFavorite.swift in Sources */ = {isa = PBXBuildFile; fileRef = D3752D842E2C8D600057A766 /* MarkFavorite.swift */; };
		D3752D872E2C8D6D0057A766 /* LoginRequest.swift in Sources */ = {isa = PBXBuildFile; fileRef = D3752D862E2C8D6D0057A766 /* LoginRequest.swift */; };
		D3752D8A2E2C8D850057A766 /* PostSession.swift in Sources */ = {isa = PBXBuildFile; fileRef = D3752D892E2C8D850057A766 /* PostSession.swift */; };
		D3752D8C2E2C8D930057A766 /* LogoutRequest.swift in Sources */ = {isa = PBXBuildFile; fileRef = D3752D8B2E2C8D930057A766 /* LogoutRequest.swift */; };
		D3752D8E2E2C8DA20057A766 /* MarkWatchlist.swift in Sources */ = {isa = PBXBuildFile; fileRef = D3752D8D2E2C8DA20057A766 /* MarkWatchlist.swift */; };
		D3752D902E2C8DF70057A766 /* TMDBTypes.swift in Sources */ = {isa = PBXBuildFile; fileRef = D3752D8F2E2C8DF70057A766 /* TMDBTypes.swift */; };
		D3752D962E2C8F260057A766 /* Movie+Extensions.swift in Sources */ = {isa = PBXBuildFile; fileRef = D3752D952E2C8F260057A766 /* Movie+Extensions.swift */; };
		D380A7F62E28A0CE00312BE7 /* Assets.xcassets in Resources */ = {isa = PBXBuildFile; fileRef = D380A7F52E28A0CE00312BE7 /* Assets.xcassets */; };
		D380A7F92E28A0CE00312BE7 /* LaunchScreen.storyboard in Resources */ = {isa = PBXBuildFile; fileRef = D380A7F72E28A0CE00312BE7 /* LaunchScreen.storyboard */; };
		D3BDFE842E2C9848008C0FF0 /* MovieModel.swift in Sources */ = {isa = PBXBuildFile; fileRef = D3BDFE832E2C9848008C0FF0 /* MovieModel.swift */; };
		D3DE754C2E27E59900763CDD /* TheMovieManagerMVVM.framework in Frameworks */ = {isa = PBXBuildFile; fileRef = D3DE75412E27E59800763CDD /* TheMovieManagerMVVM.framework */; };
		D3DE75512E27E59900763CDD /* TheMovieManagerMVVMTests.swift in Sources */ = {isa = PBXBuildFile; fileRef = D3DE75502E27E59900763CDD /* TheMovieManagerMVVMTests.swift */; };
		D3F8D0C52E29F42300730332 /* TheMovieManagerMVVM.framework in Frameworks */ = {isa = PBXBuildFile; fileRef = D3DE75412E27E59800763CDD /* TheMovieManagerMVVM.framework */; };
		D3F94B812E29F79F0041BA2D /* AppDelegate.swift in Sources */ = {isa = PBXBuildFile; fileRef = D380A7EC2E28A0CC00312BE7 /* AppDelegate.swift */; };
		D3F94B822E29F79F0041BA2D /* SceneDelegate.swift in Sources */ = {isa = PBXBuildFile; fileRef = D380A7EE2E28A0CC00312BE7 /* SceneDelegate.swift */; };
/* End PBXBuildFile section */

/* Begin PBXContainerItemProxy section */
		D3DE754D2E27E59900763CDD /* PBXContainerItemProxy */ = {
			isa = PBXContainerItemProxy;
			containerPortal = D3DE75382E27E59800763CDD /* Project object */;
			proxyType = 1;
			remoteGlobalIDString = D3DE75402E27E59800763CDD;
			remoteInfo = TheMovieManagerMVVM;
		};
		D3F8D0C22E29F41900730332 /* PBXContainerItemProxy */ = {
			isa = PBXContainerItemProxy;
			containerPortal = D3DE75382E27E59800763CDD /* Project object */;
			proxyType = 1;
			remoteGlobalIDString = D3DE75402E27E59800763CDD;
			remoteInfo = TheMovieManagerMVVM;
		};
/* End PBXContainerItemProxy section */

/* Begin PBXFileReference section */
		D3752D4A2E29FA820057A766 /* TheMovieManagerLoginView.swift */ = {isa = PBXFileReference; lastKnownFileType = sourcecode.swift; path = TheMovieManagerLoginView.swift; sourceTree = "<group>"; };
		D3752D612E2C7A2A0057A766 /* TheMovieManagerSearchView.swift */ = {isa = PBXFileReference; lastKnownFileType = sourcecode.swift; path = TheMovieManagerSearchView.swift; sourceTree = "<group>"; };
		D3752D632E2C7A380057A766 /* SearchViewModel.swift */ = {isa = PBXFileReference; lastKnownFileType = sourcecode.swift; path = SearchViewModel.swift; sourceTree = "<group>"; };
		D3752D672E2C7AD10057A766 /* TMDBClient.swift */ = {isa = PBXFileReference; lastKnownFileType = sourcecode.swift; path = TMDBClient.swift; sourceTree = "<group>"; };
		D3752D692E2C7D5B0057A766 /* TMDBResponse.swift */ = {isa = PBXFileReference; lastKnownFileType = sourcecode.swift; path = TMDBResponse.swift; sourceTree = "<group>"; };
		D3752D6B2E2C7E930057A766 /* TheMovieManagerWatchlistView.swift */ = {isa = PBXFileReference; lastKnownFileType = sourcecode.swift; path = TheMovieManagerWatchlistView.swift; sourceTree = "<group>"; };
		D3752D6D2E2C7ED50057A766 /* TheMovieManagerWatchlistViewModel.swift */ = {isa = PBXFileReference; lastKnownFileType = sourcecode.swift; path = TheMovieManagerWatchlistViewModel.swift; sourceTree = "<group>"; };
		D3752D6F2E2C7F130057A766 /* Movie.swift */ = {isa = PBXFileReference; lastKnownFileType = sourcecode.swift; path = Movie.swift; sourceTree = "<group>"; };
		D3752D712E2C7FBA0057A766 /* TheMovieManagerFavoritesView.swift */ = {isa = PBXFileReference; lastKnownFileType = sourcecode.swift; path = TheMovieManagerFavoritesView.swift; sourceTree = "<group>"; };
		D3752D732E2C7FD50057A766 /* TheMovieManagerFavoritesViewModel.swift */ = {isa = PBXFileReference; lastKnownFileType = sourcecode.swift; path = TheMovieManagerFavoritesViewModel.swift; sourceTree = "<group>"; };
		D3752D762E2C80960057A766 /* TheMovieManagerMovieDetailViewModel.swift */ = {isa = PBXFileReference; lastKnownFileType = sourcecode.swift; path = TheMovieManagerMovieDetailViewModel.swift; sourceTree = "<group>"; };
		D3752D782E2C80BC0057A766 /* TheMovieManagerMovieDetailView.swift */ = {isa = PBXFileReference; lastKnownFileType = sourcecode.swift; path = TheMovieManagerMovieDetailView.swift; sourceTree = "<group>"; };
		D3752D7A2E2C83340057A766 /* RequestTokenResponse.swift */ = {isa = PBXFileReference; lastKnownFileType = sourcecode.swift; path = RequestTokenResponse.swift; sourceTree = "<group>"; };
		D3752D7C2E2C834E0057A766 /* SessionResponse.swift */ = {isa = PBXFileReference; lastKnownFileType = sourcecode.swift; path = SessionResponse.swift; sourceTree = "<group>"; };
		D3752D7E2E2C83640057A766 /* MovieResults.swift */ = {isa = PBXFileReference; lastKnownFileType = sourcecode.swift; path = MovieResults.swift; sourceTree = "<group>"; };
		D3752D842E2C8D600057A766 /* MarkFavorite.swift */ = {isa = PBXFileReference; lastKnownFileType = sourcecode.swift; path = MarkFavorite.swift; sourceTree = "<group>"; };
		D3752D862E2C8D6D0057A766 /* LoginRequest.swift */ = {isa = PBXFileReference; lastKnownFileType = sourcecode.swift; path = LoginRequest.swift; sourceTree = "<group>"; };
		D3752D892E2C8D850057A766 /* PostSession.swift */ = {isa = PBXFileReference; lastKnownFileType = sourcecode.swift; path = PostSession.swift; sourceTree = "<group>"; };
		D3752D8B2E2C8D930057A766 /* LogoutRequest.swift */ = {isa = PBXFileReference; lastKnownFileType = sourcecode.swift; path = LogoutRequest.swift; sourceTree = "<group>"; };
		D3752D8D2E2C8DA20057A766 /* MarkWatchlist.swift */ = {isa = PBXFileReference; lastKnownFileType = sourcecode.swift; path = MarkWatchlist.swift; sourceTree = "<group>"; };
		D3752D8F2E2C8DF70057A766 /* TMDBTypes.swift */ = {isa = PBXFileReference; lastKnownFileType = sourcecode.swift; path = TMDBTypes.swift; sourceTree = "<group>"; };
		D3752D952E2C8F260057A766 /* Movie+Extensions.swift */ = {isa = PBXFileReference; lastKnownFileType = sourcecode.swift; path = "Movie+Extensions.swift"; sourceTree = "<group>"; };
		D380A7D82E289FE100312BE7 /* LoginViewModel.swift */ = {isa = PBXFileReference; lastKnownFileType = sourcecode.swift; path = LoginViewModel.swift; sourceTree = "<group>"; };
		D380A7EA2E28A0CC00312BE7 /* TheMovieManagerMVVMDemo.app */ = {isa = PBXFileReference; explicitFileType = wrapper.application; includeInIndex = 0; path = TheMovieManagerMVVMDemo.app; sourceTree = BUILT_PRODUCTS_DIR; };
		D380A7EC2E28A0CC00312BE7 /* AppDelegate.swift */ = {isa = PBXFileReference; lastKnownFileType = sourcecode.swift; path = AppDelegate.swift; sourceTree = "<group>"; };
		D380A7EE2E28A0CC00312BE7 /* SceneDelegate.swift */ = {isa = PBXFileReference; lastKnownFileType = sourcecode.swift; path = SceneDelegate.swift; sourceTree = "<group>"; };
		D380A7F52E28A0CE00312BE7 /* Assets.xcassets */ = {isa = PBXFileReference; lastKnownFileType = folder.assetcatalog; path = Assets.xcassets; sourceTree = "<group>"; };
		D380A7F82E28A0CE00312BE7 /* Base */ = {isa = PBXFileReference; lastKnownFileType = file.storyboard; name = Base; path = Base.lproj/LaunchScreen.storyboard; sourceTree = "<group>"; };
		D380A7FA2E28A0CE00312BE7 /* Info.plist */ = {isa = PBXFileReference; lastKnownFileType = text.plist.xml; path = Info.plist; sourceTree = "<group>"; };
		D3BDFE832E2C9848008C0FF0 /* MovieModel.swift */ = {isa = PBXFileReference; lastKnownFileType = sourcecode.swift; path = MovieModel.swift; sourceTree = "<group>"; };
		D3DE75412E27E59800763CDD /* TheMovieManagerMVVM.framework */ = {isa = PBXFileReference; explicitFileType = wrapper.framework; includeInIndex = 0; path = TheMovieManagerMVVM.framework; sourceTree = BUILT_PRODUCTS_DIR; };
		D3DE754B2E27E59900763CDD /* TheMovieManagerMVVMTests.xctest */ = {isa = PBXFileReference; explicitFileType = wrapper.cfbundle; includeInIndex = 0; path = TheMovieManagerMVVMTests.xctest; sourceTree = BUILT_PRODUCTS_DIR; };
		D3DE75502E27E59900763CDD /* TheMovieManagerMVVMTests.swift */ = {isa = PBXFileReference; lastKnownFileType = sourcecode.swift; path = TheMovieManagerMVVMTests.swift; sourceTree = "<group>"; };
/* End PBXFileReference section */

/* Begin PBXFrameworksBuildPhase section */
		D380A7E72E28A0CC00312BE7 /* Frameworks */ = {
			isa = PBXFrameworksBuildPhase;
			buildActionMask = 2147483647;
			files = (
				D3F8D0C52E29F42300730332 /* TheMovieManagerMVVM.framework in Frameworks */,
			);
			runOnlyForDeploymentPostprocessing = 0;
		};
		D3DE753E2E27E59800763CDD /* Frameworks */ = {
			isa = PBXFrameworksBuildPhase;
			buildActionMask = 2147483647;
			files = (
			);
			runOnlyForDeploymentPostprocessing = 0;
		};
		D3DE75482E27E59900763CDD /* Frameworks */ = {
			isa = PBXFrameworksBuildPhase;
			buildActionMask = 2147483647;
			files = (
				D3DE754C2E27E59900763CDD /* TheMovieManagerMVVM.framework in Frameworks */,
			);
			runOnlyForDeploymentPostprocessing = 0;
		};
/* End PBXFrameworksBuildPhase section */

/* Begin PBXGroup section */
		D3752D512E2C78620057A766 /* TheMovieManagerSearch */ = {
			isa = PBXGroup;
			children = (
				D3752D552E2C78E90057A766 /* View */,
				D3752D562E2C78F10057A766 /* ViewModel */,
				D3752D572E2C78FB0057A766 /* Model */,
			);
			path = TheMovieManagerSearch;
			sourceTree = "<group>";
		};
		D3752D522E2C78720057A766 /* TheMovieManagerWatchlist */ = {
			isa = PBXGroup;
			children = (
				D3752D5A2E2C79240057A766 /* View */,
				D3752D592E2C791E0057A766 /* ViewModel */,
			);
			path = TheMovieManagerWatchlist;
			sourceTree = "<group>";
		};
		D3752D532E2C78830057A766 /* TheMovieManagerFavorites */ = {
			isa = PBXGroup;
			children = (
				D3752D5D2E2C79380057A766 /* View */,
				D3752D5C2E2C79300057A766 /* ViewModel */,
			);
			path = TheMovieManagerFavorites;
			sourceTree = "<group>";
		};
		D3752D542E2C78910057A766 /* TheMovieManagerMovieDetail */ = {
			isa = PBXGroup;
			children = (
				D3752D602E2C79470057A766 /* View */,
				D3752D5F2E2C79430057A766 /* ViewModel */,
			);
			path = TheMovieManagerMovieDetail;
			sourceTree = "<group>";
		};
		D3752D552E2C78E90057A766 /* View */ = {
			isa = PBXGroup;
			children = (
				D3752D612E2C7A2A0057A766 /* TheMovieManagerSearchView.swift */,
			);
			path = View;
			sourceTree = "<group>";
		};
		D3752D562E2C78F10057A766 /* ViewModel */ = {
			isa = PBXGroup;
			children = (
				D3752D632E2C7A380057A766 /* SearchViewModel.swift */,
			);
			path = ViewModel;
			sourceTree = "<group>";
		};
		D3752D572E2C78FB0057A766 /* Model */ = {
			isa = PBXGroup;
			children = (
				D3752D7E2E2C83640057A766 /* MovieResults.swift */,
			);
			path = Model;
			sourceTree = "<group>";
		};
		D3752D592E2C791E0057A766 /* ViewModel */ = {
			isa = PBXGroup;
			children = (
				D3752D6D2E2C7ED50057A766 /* TheMovieManagerWatchlistViewModel.swift */,
			);
			path = ViewModel;
			sourceTree = "<group>";
		};
		D3752D5A2E2C79240057A766 /* View */ = {
			isa = PBXGroup;
			children = (
				D3752D6B2E2C7E930057A766 /* TheMovieManagerWatchlistView.swift */,
			);
			path = View;
			sourceTree = "<group>";
		};
		D3752D5C2E2C79300057A766 /* ViewModel */ = {
			isa = PBXGroup;
			children = (
				D3752D732E2C7FD50057A766 /* TheMovieManagerFavoritesViewModel.swift */,
			);
			path = ViewModel;
			sourceTree = "<group>";
		};
		D3752D5D2E2C79380057A766 /* View */ = {
			isa = PBXGroup;
			children = (
				D3752D712E2C7FBA0057A766 /* TheMovieManagerFavoritesView.swift */,
			);
			path = View;
			sourceTree = "<group>";
		};
		D3752D5F2E2C79430057A766 /* ViewModel */ = {
			isa = PBXGroup;
			children = (
				D3752D762E2C80960057A766 /* TheMovieManagerMovieDetailViewModel.swift */,
			);
			path = ViewModel;
			sourceTree = "<group>";
		};
		D3752D602E2C79470057A766 /* View */ = {
			isa = PBXGroup;
			children = (
				D3752D782E2C80BC0057A766 /* TheMovieManagerMovieDetailView.swift */,
			);
			path = View;
			sourceTree = "<group>";
		};
		D3752D662E2C7ABC0057A766 /* Network */ = {
			isa = PBXGroup;
			children = (
				D3752D672E2C7AD10057A766 /* TMDBClient.swift */,
				D3752D8F2E2C8DF70057A766 /* TMDBTypes.swift */,
			);
			path = Network;
			sourceTree = "<group>";
		};
		D380A7D12E289F7800312BE7 /* View */ = {
			isa = PBXGroup;
			children = (
				D3752D4A2E29FA820057A766 /* TheMovieManagerLoginView.swift */,
			);
			path = View;
			sourceTree = "<group>";
		};
		D380A7D22E289F7E00312BE7 /* ViewModel */ = {
			isa = PBXGroup;
			children = (
				D380A7D82E289FE100312BE7 /* LoginViewModel.swift */,
			);
			path = ViewModel;
			sourceTree = "<group>";
		};
		D380A7D32E289F8600312BE7 /* Model */ = {
			isa = PBXGroup;
			children = (
				D3752D862E2C8D6D0057A766 /* LoginRequest.swift */,
			);
			path = Model;
			sourceTree = "<group>";
		};
		D380A7DC2E28A00100312BE7 /* Shared */ = {
			isa = PBXGroup;
			children = (
				D3BDFE822E2C9838008C0FF0 /* Storage */,
				D3BDFE802E2C9544008C0FF0 /* Model */,
				D3BDFE812E2C9656008C0FF0 /* Requests */,
				D3752D662E2C7ABC0057A766 /* Network */,
				D380A7DD2E28A00800312BE7 /* Extensions */,
			);
			path = Shared;
			sourceTree = "<group>";
		};
		D380A7DD2E28A00800312BE7 /* Extensions */ = {
			isa = PBXGroup;
			children = (
				D3752D952E2C8F260057A766 /* Movie+Extensions.swift */,
			);
			path = Extensions;
			sourceTree = "<group>";
		};
		D380A7EB2E28A0CC00312BE7 /* TheMovieManagerMVVMDemo */ = {
			isa = PBXGroup;
			children = (
				D380A7EC2E28A0CC00312BE7 /* AppDelegate.swift */,
				D380A7EE2E28A0CC00312BE7 /* SceneDelegate.swift */,
				D380A7F52E28A0CE00312BE7 /* Assets.xcassets */,
				D380A7F72E28A0CE00312BE7 /* LaunchScreen.storyboard */,
				D380A7FA2E28A0CE00312BE7 /* Info.plist */,
			);
			path = TheMovieManagerMVVMDemo;
			sourceTree = "<group>";
		};
		D3BDFE802E2C9544008C0FF0 /* Model */ = {
			isa = PBXGroup;
			children = (
				D3752D692E2C7D5B0057A766 /* TMDBResponse.swift */,
				D3752D7A2E2C83340057A766 /* RequestTokenResponse.swift */,
				D3752D7C2E2C834E0057A766 /* SessionResponse.swift */,
				D3752D6F2E2C7F130057A766 /* Movie.swift */,
			);
			path = Model;
			sourceTree = "<group>";
		};
		D3BDFE812E2C9656008C0FF0 /* Requests */ = {
			isa = PBXGroup;
			children = (
				D3752D842E2C8D600057A766 /* MarkFavorite.swift */,
				D3752D892E2C8D850057A766 /* PostSession.swift */,
				D3752D8B2E2C8D930057A766 /* LogoutRequest.swift */,
				D3752D8D2E2C8DA20057A766 /* MarkWatchlist.swift */,
			);
			path = Requests;
			sourceTree = "<group>";
		};
		D3BDFE822E2C9838008C0FF0 /* Storage */ = {
			isa = PBXGroup;
			children = (
				D3BDFE832E2C9848008C0FF0 /* MovieModel.swift */,
			);
			path = Storage;
			sourceTree = "<group>";
		};
		D3DE75372E27E59800763CDD = {
			isa = PBXGroup;
			children = (
				D3DE75432E27E59800763CDD /* TheMovieManagerMVVM */,
				D3DE754F2E27E59900763CDD /* TheMovieManagerMVVMTests */,
				D380A7EB2E28A0CC00312BE7 /* TheMovieManagerMVVMDemo */,
				D3DE75422E27E59800763CDD /* Products */,
				D3F8D0C42E29F42300730332 /* Frameworks */,
			);
			sourceTree = "<group>";
		};
		D3DE75422E27E59800763CDD /* Products */ = {
			isa = PBXGroup;
			children = (
				D3DE75412E27E59800763CDD /* TheMovieManagerMVVM.framework */,
				D3DE754B2E27E59900763CDD /* TheMovieManagerMVVMTests.xctest */,
				D380A7EA2E28A0CC00312BE7 /* TheMovieManagerMVVMDemo.app */,
			);
			name = Products;
			sourceTree = "<group>";
		};
		D3DE75432E27E59800763CDD /* TheMovieManagerMVVM */ = {
			isa = PBXGroup;
			children = (
				D3DE755B2E27E5BC00763CDD /* Modules */,
				D380A7DC2E28A00100312BE7 /* Shared */,
			);
			path = TheMovieManagerMVVM;
			sourceTree = "<group>";
		};
		D3DE754F2E27E59900763CDD /* TheMovieManagerMVVMTests */ = {
			isa = PBXGroup;
			children = (
				D3DE75502E27E59900763CDD /* TheMovieManagerMVVMTests.swift */,
			);
			path = TheMovieManagerMVVMTests;
			sourceTree = "<group>";
		};
		D3DE755B2E27E5BC00763CDD /* Modules */ = {
			isa = PBXGroup;
			children = (
				D3DE755C2E27E5C700763CDD /* TheMovieManagerLogin */,
				D3752D512E2C78620057A766 /* TheMovieManagerSearch */,
				D3752D522E2C78720057A766 /* TheMovieManagerWatchlist */,
				D3752D532E2C78830057A766 /* TheMovieManagerFavorites */,
				D3752D542E2C78910057A766 /* TheMovieManagerMovieDetail */,
			);
			path = Modules;
			sourceTree = "<group>";
		};
		D3DE755C2E27E5C700763CDD /* TheMovieManagerLogin */ = {
			isa = PBXGroup;
			children = (
				D380A7D12E289F7800312BE7 /* View */,
				D380A7D22E289F7E00312BE7 /* ViewModel */,
				D380A7D32E289F8600312BE7 /* Model */,
			);
			path = TheMovieManagerLogin;
			sourceTree = "<group>";
		};
		D3F8D0C42E29F42300730332 /* Frameworks */ = {
			isa = PBXGroup;
			children = (
			);
			name = Frameworks;
			sourceTree = "<group>";
		};
/* End PBXGroup section */

/* Begin PBXHeadersBuildPhase section */
		D3DE753C2E27E59800763CDD /* Headers */ = {
			isa = PBXHeadersBuildPhase;
			buildActionMask = 2147483647;
			files = (
			);
			runOnlyForDeploymentPostprocessing = 0;
		};
/* End PBXHeadersBuildPhase section */

/* Begin PBXNativeTarget section */
		D380A7E92E28A0CC00312BE7 /* TheMovieManagerMVVMDemo */ = {
			isa = PBXNativeTarget;
			buildConfigurationList = D380A7FB2E28A0CE00312BE7 /* Build configuration list for PBXNativeTarget "TheMovieManagerMVVMDemo" */;
			buildPhases = (
				D380A7E62E28A0CC00312BE7 /* Sources */,
				D380A7E72E28A0CC00312BE7 /* Frameworks */,
				D380A7E82E28A0CC00312BE7 /* Resources */,
			);
			buildRules = (
			);
			dependencies = (
				D3F8D0C32E29F41900730332 /* PBXTargetDependency */,
			);
			name = TheMovieManagerMVVMDemo;
			productName = TheMovieManagerMVVMDemo;
			productReference = D380A7EA2E28A0CC00312BE7 /* TheMovieManagerMVVMDemo.app */;
			productType = "com.apple.product-type.application";
		};
		D3DE75402E27E59800763CDD /* TheMovieManagerMVVM */ = {
			isa = PBXNativeTarget;
			buildConfigurationList = D3DE75552E27E59900763CDD /* Build configuration list for PBXNativeTarget "TheMovieManagerMVVM" */;
			buildPhases = (
				D3DE753C2E27E59800763CDD /* Headers */,
				D3DE753D2E27E59800763CDD /* Sources */,
				D3DE753E2E27E59800763CDD /* Frameworks */,
				D3DE753F2E27E59800763CDD /* Resources */,
			);
			buildRules = (
			);
			dependencies = (
			);
			name = TheMovieManagerMVVM;
			productName = TheMovieManagerMVVM;
			productReference = D3DE75412E27E59800763CDD /* TheMovieManagerMVVM.framework */;
			productType = "com.apple.product-type.framework";
		};
		D3DE754A2E27E59900763CDD /* TheMovieManagerMVVMTests */ = {
			isa = PBXNativeTarget;
			buildConfigurationList = D3DE75582E27E59900763CDD /* Build configuration list for PBXNativeTarget "TheMovieManagerMVVMTests" */;
			buildPhases = (
				D3DE75472E27E59900763CDD /* Sources */,
				D3DE75482E27E59900763CDD /* Frameworks */,
				D3DE75492E27E59900763CDD /* Resources */,
			);
			buildRules = (
			);
			dependencies = (
				D3DE754E2E27E59900763CDD /* PBXTargetDependency */,
			);
			name = TheMovieManagerMVVMTests;
			productName = TheMovieManagerMVVMTests;
			productReference = D3DE754B2E27E59900763CDD /* TheMovieManagerMVVMTests.xctest */;
			productType = "com.apple.product-type.bundle.unit-test";
		};
/* End PBXNativeTarget section */

/* Begin PBXProject section */
		D3DE75382E27E59800763CDD /* Project object */ = {
			isa = PBXProject;
			attributes = {
				BuildIndependentTargetsInParallel = 1;
				LastSwiftUpdateCheck = 1420;
				LastUpgradeCheck = 1420;
				TargetAttributes = {
					D380A7E92E28A0CC00312BE7 = {
						CreatedOnToolsVersion = 14.2;
					};
					D3DE75402E27E59800763CDD = {
						CreatedOnToolsVersion = 14.2;
						LastSwiftMigration = 1420;
					};
					D3DE754A2E27E59900763CDD = {
						CreatedOnToolsVersion = 14.2;
					};
				};
			};
			buildConfigurationList = D3DE753B2E27E59800763CDD /* Build configuration list for PBXProject "TheMovieManagerMVVM" */;
			compatibilityVersion = "Xcode 14.0";
			developmentRegion = en;
			hasScannedForEncodings = 0;
			knownRegions = (
				en,
				Base,
			);
			mainGroup = D3DE75372E27E59800763CDD;
			productRefGroup = D3DE75422E27E59800763CDD /* Products */;
			projectDirPath = "";
			projectRoot = "";
			targets = (
				D3DE75402E27E59800763CDD /* TheMovieManagerMVVM */,
				D3DE754A2E27E59900763CDD /* TheMovieManagerMVVMTests */,
				D380A7E92E28A0CC00312BE7 /* TheMovieManagerMVVMDemo */,
			);
		};
/* End PBXProject section */

/* Begin PBXResourcesBuildPhase section */
		D380A7E82E28A0CC00312BE7 /* Resources */ = {
			isa = PBXResourcesBuildPhase;
			buildActionMask = 2147483647;
			files = (
				D380A7F92E28A0CE00312BE7 /* LaunchScreen.storyboard in Resources */,
				D380A7F62E28A0CE00312BE7 /* Assets.xcassets in Resources */,
			);
			runOnlyForDeploymentPostprocessing = 0;
		};
		D3DE753F2E27E59800763CDD /* Resources */ = {
			isa = PBXResourcesBuildPhase;
			buildActionMask = 2147483647;
			files = (
			);
			runOnlyForDeploymentPostprocessing = 0;
		};
		D3DE75492E27E59900763CDD /* Resources */ = {
			isa = PBXResourcesBuildPhase;
			buildActionMask = 2147483647;
			files = (
			);
			runOnlyForDeploymentPostprocessing = 0;
		};
/* End PBXResourcesBuildPhase section */

/* Begin PBXSourcesBuildPhase section */
		D380A7E62E28A0CC00312BE7 /* Sources */ = {
			isa = PBXSourcesBuildPhase;
			buildActionMask = 2147483647;
			files = (
				D3752D502E29FBF30057A766 /* LoginViewModel.swift in Sources */,
				D3752D4E2E29FB8B0057A766 /* TheMovieManagerLoginView.swift in Sources */,
				D3F94B812E29F79F0041BA2D /* AppDelegate.swift in Sources */,
				D3F94B822E29F79F0041BA2D /* SceneDelegate.swift in Sources */,
			);
			runOnlyForDeploymentPostprocessing = 0;
		};
		D3DE753D2E27E59800763CDD /* Sources */ = {
			isa = PBXSourcesBuildPhase;
			buildActionMask = 2147483647;
			files = (
				D3BDFE842E2C9848008C0FF0 /* MovieModel.swift in Sources */,
				D3752D682E2C7AD10057A766 /* TMDBClient.swift in Sources */,
				D3752D6A2E2C7D5B0057A766 /* TMDBResponse.swift in Sources */,
				D3752D902E2C8DF70057A766 /* TMDBTypes.swift in Sources */,
				D3752D702E2C7F130057A766 /* Movie.swift in Sources */,
				D3752D852E2C8D600057A766 /* MarkFavorite.swift in Sources */,
				D3752D8E2E2C8DA20057A766 /* MarkWatchlist.swift in Sources */,
				D3752D6E2E2C7ED50057A766 /* TheMovieManagerWatchlistViewModel.swift in Sources */,
				D3752D8C2E2C8D930057A766 /* LogoutRequest.swift in Sources */,
				D3752D722E2C7FBA0057A766 /* TheMovieManagerFavoritesView.swift in Sources */,
				D3752D6C2E2C7E930057A766 /* TheMovieManagerWatchlistView.swift in Sources */,
				D3752D622E2C7A2A0057A766 /* TheMovieManagerSearchView.swift in Sources */,
				D3752D872E2C8D6D0057A766 /* LoginRequest.swift in Sources */,
				D3752D7B2E2C83340057A766 /* RequestTokenResponse.swift in Sources */,
				D3752D8A2E2C8D850057A766 /* PostSession.swift in Sources */,
				D3752D792E2C80BC0057A766 /* TheMovieManagerMovieDetailView.swift in Sources */,
				D3752D642E2C7A380057A766 /* SearchViewModel.swift in Sources */,
				D3752D7D2E2C834E0057A766 /* SessionResponse.swift in Sources */,
				D3752D772E2C80960057A766 /* TheMovieManagerMovieDetailViewModel.swift in Sources */,
				D3752D962E2C8F260057A766 /* Movie+Extensions.swift in Sources */,
				D3752D7F2E2C83640057A766 /* MovieResults.swift in Sources */,
				D3752D742E2C7FD50057A766 /* TheMovieManagerFavoritesViewModel.swift in Sources */,
			);
			runOnlyForDeploymentPostprocessing = 0;
		};
		D3DE75472E27E59900763CDD /* Sources */ = {
			isa = PBXSourcesBuildPhase;
			buildActionMask = 2147483647;
			files = (
				D3DE75512E27E59900763CDD /* TheMovieManagerMVVMTests.swift in Sources */,
			);
			runOnlyForDeploymentPostprocessing = 0;
		};
/* End PBXSourcesBuildPhase section */

/* Begin PBXTargetDependency section */
		D3DE754E2E27E59900763CDD /* PBXTargetDependency */ = {
			isa = PBXTargetDependency;
			target = D3DE75402E27E59800763CDD /* TheMovieManagerMVVM */;
			targetProxy = D3DE754D2E27E59900763CDD /* PBXContainerItemProxy */;
		};
		D3F8D0C32E29F41900730332 /* PBXTargetDependency */ = {
			isa = PBXTargetDependency;
			target = D3DE75402E27E59800763CDD /* TheMovieManagerMVVM */;
			targetProxy = D3F8D0C22E29F41900730332 /* PBXContainerItemProxy */;
		};
/* End PBXTargetDependency section */

/* Begin PBXVariantGroup section */
		D380A7F72E28A0CE00312BE7 /* LaunchScreen.storyboard */ = {
			isa = PBXVariantGroup;
			children = (
				D380A7F82E28A0CE00312BE7 /* Base */,
			);
			name = LaunchScreen.storyboard;
			sourceTree = "<group>";
		};
/* End PBXVariantGroup section */

/* Begin XCBuildConfiguration section */
		D380A7FC2E28A0CE00312BE7 /* Debug */ = {
			isa = XCBuildConfiguration;
			buildSettings = {
				ASSETCATALOG_COMPILER_APPICON_NAME = AppIcon;
				ASSETCATALOG_COMPILER_GLOBAL_ACCENT_COLOR_NAME = AccentColor;
				CODE_SIGN_STYLE = Automatic;
				CURRENT_PROJECT_VERSION = 1;
				GENERATE_INFOPLIST_FILE = YES;
				INFOPLIST_FILE = TheMovieManagerMVVMDemo/Info.plist;
				INFOPLIST_KEY_UIApplicationSupportsIndirectInputEvents = YES;
				INFOPLIST_KEY_UILaunchStoryboardName = LaunchScreen;
				INFOPLIST_KEY_UISupportedInterfaceOrientations_iPad = "UIInterfaceOrientationPortrait UIInterfaceOrientationPortraitUpsideDown UIInterfaceOrientationLandscapeLeft UIInterfaceOrientationLandscapeRight";
				INFOPLIST_KEY_UISupportedInterfaceOrientations_iPhone = "UIInterfaceOrientationPortrait UIInterfaceOrientationLandscapeLeft UIInterfaceOrientationLandscapeRight";
				IPHONEOS_DEPLOYMENT_TARGET = 16.2;
				LD_RUNPATH_SEARCH_PATHS = (
					"$(inherited)",
					"@executable_path/Frameworks",
				);
				MARKETING_VERSION = 1.0;
				PRODUCT_BUNDLE_IDENTIFIER = fabianasd.TheMovieManagerMVVMDemo;
				PRODUCT_NAME = "$(TARGET_NAME)";
				SDKROOT = iphoneos;
				SWIFT_EMIT_LOC_STRINGS = YES;
				SWIFT_VERSION = 5.0;
				TARGETED_DEVICE_FAMILY = "1,2";
			};
			name = Debug;
		};
		D380A7FD2E28A0CE00312BE7 /* Release */ = {
			isa = XCBuildConfiguration;
			buildSettings = {
				ASSETCATALOG_COMPILER_APPICON_NAME = AppIcon;
				ASSETCATALOG_COMPILER_GLOBAL_ACCENT_COLOR_NAME = AccentColor;
				CODE_SIGN_STYLE = Automatic;
				CURRENT_PROJECT_VERSION = 1;
				GENERATE_INFOPLIST_FILE = YES;
				INFOPLIST_FILE = TheMovieManagerMVVMDemo/Info.plist;
				INFOPLIST_KEY_UIApplicationSupportsIndirectInputEvents = YES;
				INFOPLIST_KEY_UILaunchStoryboardName = LaunchScreen;
				INFOPLIST_KEY_UISupportedInterfaceOrientations_iPad = "UIInterfaceOrientationPortrait UIInterfaceOrientationPortraitUpsideDown UIInterfaceOrientationLandscapeLeft UIInterfaceOrientationLandscapeRight";
				INFOPLIST_KEY_UISupportedInterfaceOrientations_iPhone = "UIInterfaceOrientationPortrait UIInterfaceOrientationLandscapeLeft UIInterfaceOrientationLandscapeRight";
				IPHONEOS_DEPLOYMENT_TARGET = 16.2;
				LD_RUNPATH_SEARCH_PATHS = (
					"$(inherited)",
					"@executable_path/Frameworks",
				);
				MARKETING_VERSION = 1.0;
				PRODUCT_BUNDLE_IDENTIFIER = fabianasd.TheMovieManagerMVVMDemo;
				PRODUCT_NAME = "$(TARGET_NAME)";
				SDKROOT = iphoneos;
				SWIFT_EMIT_LOC_STRINGS = YES;
				SWIFT_VERSION = 5.0;
				TARGETED_DEVICE_FAMILY = "1,2";
				VALIDATE_PRODUCT = YES;
			};
			name = Release;
		};
		D3DE75532E27E59900763CDD /* Debug */ = {
			isa = XCBuildConfiguration;
			buildSettings = {
				ALWAYS_SEARCH_USER_PATHS = NO;
				CLANG_ANALYZER_NONNULL = YES;
				CLANG_ANALYZER_NUMBER_OBJECT_CONVERSION = YES_AGGRESSIVE;
				CLANG_CXX_LANGUAGE_STANDARD = "gnu++20";
				CLANG_ENABLE_MODULES = YES;
				CLANG_ENABLE_OBJC_ARC = YES;
				CLANG_ENABLE_OBJC_WEAK = YES;
				CLANG_WARN_BLOCK_CAPTURE_AUTORELEASING = YES;
				CLANG_WARN_BOOL_CONVERSION = YES;
				CLANG_WARN_COMMA = YES;
				CLANG_WARN_CONSTANT_CONVERSION = YES;
				CLANG_WARN_DEPRECATED_OBJC_IMPLEMENTATIONS = YES;
				CLANG_WARN_DIRECT_OBJC_ISA_USAGE = YES_ERROR;
				CLANG_WARN_DOCUMENTATION_COMMENTS = YES;
				CLANG_WARN_EMPTY_BODY = YES;
				CLANG_WARN_ENUM_CONVERSION = YES;
				CLANG_WARN_INFINITE_RECURSION = YES;
				CLANG_WARN_INT_CONVERSION = YES;
				CLANG_WARN_NON_LITERAL_NULL_CONVERSION = YES;
				CLANG_WARN_OBJC_IMPLICIT_RETAIN_SELF = YES;
				CLANG_WARN_OBJC_LITERAL_CONVERSION = YES;
				CLANG_WARN_OBJC_ROOT_CLASS = YES_ERROR;
				CLANG_WARN_QUOTED_INCLUDE_IN_FRAMEWORK_HEADER = YES;
				CLANG_WARN_RANGE_LOOP_ANALYSIS = YES;
				CLANG_WARN_STRICT_PROTOTYPES = YES;
				CLANG_WARN_SUSPICIOUS_MOVE = YES;
				CLANG_WARN_UNGUARDED_AVAILABILITY = YES_AGGRESSIVE;
				CLANG_WARN_UNREACHABLE_CODE = YES;
				CLANG_WARN__DUPLICATE_METHOD_MATCH = YES;
				COPY_PHASE_STRIP = NO;
				CURRENT_PROJECT_VERSION = 1;
				DEBUG_INFORMATION_FORMAT = dwarf;
				ENABLE_STRICT_OBJC_MSGSEND = YES;
				ENABLE_TESTABILITY = YES;
				GCC_C_LANGUAGE_STANDARD = gnu11;
				GCC_DYNAMIC_NO_PIC = NO;
				GCC_NO_COMMON_BLOCKS = YES;
				GCC_OPTIMIZATION_LEVEL = 0;
				GCC_PREPROCESSOR_DEFINITIONS = (
					"DEBUG=1",
					"$(inherited)",
				);
				GCC_WARN_64_TO_32_BIT_CONVERSION = YES;
				GCC_WARN_ABOUT_RETURN_TYPE = YES_ERROR;
				GCC_WARN_UNDECLARED_SELECTOR = YES;
				GCC_WARN_UNINITIALIZED_AUTOS = YES_AGGRESSIVE;
				GCC_WARN_UNUSED_FUNCTION = YES;
				GCC_WARN_UNUSED_VARIABLE = YES;
				MTL_ENABLE_DEBUG_INFO = INCLUDE_SOURCE;
				MTL_FAST_MATH = YES;
				ONLY_ACTIVE_ARCH = YES;
				SWIFT_ACTIVE_COMPILATION_CONDITIONS = DEBUG;
				SWIFT_OPTIMIZATION_LEVEL = "-Onone";
				VERSIONING_SYSTEM = "apple-generic";
				VERSION_INFO_PREFIX = "";
			};
			name = Debug;
		};
		D3DE75542E27E59900763CDD /* Release */ = {
			isa = XCBuildConfiguration;
			buildSettings = {
				ALWAYS_SEARCH_USER_PATHS = NO;
				CLANG_ANALYZER_NONNULL = YES;
				CLANG_ANALYZER_NUMBER_OBJECT_CONVERSION = YES_AGGRESSIVE;
				CLANG_CXX_LANGUAGE_STANDARD = "gnu++20";
				CLANG_ENABLE_MODULES = YES;
				CLANG_ENABLE_OBJC_ARC = YES;
				CLANG_ENABLE_OBJC_WEAK = YES;
				CLANG_WARN_BLOCK_CAPTURE_AUTORELEASING = YES;
				CLANG_WARN_BOOL_CONVERSION = YES;
				CLANG_WARN_COMMA = YES;
				CLANG_WARN_CONSTANT_CONVERSION = YES;
				CLANG_WARN_DEPRECATED_OBJC_IMPLEMENTATIONS = YES;
				CLANG_WARN_DIRECT_OBJC_ISA_USAGE = YES_ERROR;
				CLANG_WARN_DOCUMENTATION_COMMENTS = YES;
				CLANG_WARN_EMPTY_BODY = YES;
				CLANG_WARN_ENUM_CONVERSION = YES;
				CLANG_WARN_INFINITE_RECURSION = YES;
				CLANG_WARN_INT_CONVERSION = YES;
				CLANG_WARN_NON_LITERAL_NULL_CONVERSION = YES;
				CLANG_WARN_OBJC_IMPLICIT_RETAIN_SELF = YES;
				CLANG_WARN_OBJC_LITERAL_CONVERSION = YES;
				CLANG_WARN_OBJC_ROOT_CLASS = YES_ERROR;
				CLANG_WARN_QUOTED_INCLUDE_IN_FRAMEWORK_HEADER = YES;
				CLANG_WARN_RANGE_LOOP_ANALYSIS = YES;
				CLANG_WARN_STRICT_PROTOTYPES = YES;
				CLANG_WARN_SUSPICIOUS_MOVE = YES;
				CLANG_WARN_UNGUARDED_AVAILABILITY = YES_AGGRESSIVE;
				CLANG_WARN_UNREACHABLE_CODE = YES;
				CLANG_WARN__DUPLICATE_METHOD_MATCH = YES;
				COPY_PHASE_STRIP = NO;
				CURRENT_PROJECT_VERSION = 1;
				DEBUG_INFORMATION_FORMAT = "dwarf-with-dsym";
				ENABLE_NS_ASSERTIONS = NO;
				ENABLE_STRICT_OBJC_MSGSEND = YES;
				GCC_C_LANGUAGE_STANDARD = gnu11;
				GCC_NO_COMMON_BLOCKS = YES;
				GCC_WARN_64_TO_32_BIT_CONVERSION = YES;
				GCC_WARN_ABOUT_RETURN_TYPE = YES_ERROR;
				GCC_WARN_UNDECLARED_SELECTOR = YES;
				GCC_WARN_UNINITIALIZED_AUTOS = YES_AGGRESSIVE;
				GCC_WARN_UNUSED_FUNCTION = YES;
				GCC_WARN_UNUSED_VARIABLE = YES;
				MTL_ENABLE_DEBUG_INFO = NO;
				MTL_FAST_MATH = YES;
				SWIFT_COMPILATION_MODE = wholemodule;
				SWIFT_OPTIMIZATION_LEVEL = "-O";
				VERSIONING_SYSTEM = "apple-generic";
				VERSION_INFO_PREFIX = "";
			};
			name = Release;
		};
		D3DE75562E27E59900763CDD /* Debug */ = {
			isa = XCBuildConfiguration;
			buildSettings = {
				CLANG_ENABLE_MODULES = YES;
				CODE_SIGN_STYLE = Automatic;
				CURRENT_PROJECT_VERSION = 1;
				DEFINES_MODULE = YES;
				DYLIB_COMPATIBILITY_VERSION = 1;
				DYLIB_CURRENT_VERSION = 1;
				DYLIB_INSTALL_NAME_BASE = "@rpath";
				GENERATE_INFOPLIST_FILE = YES;
				INFOPLIST_KEY_NSHumanReadableCopyright = "";
				INSTALL_PATH = "$(LOCAL_LIBRARY_DIR)/Frameworks";
				IPHONEOS_DEPLOYMENT_TARGET = 16.2;
				LD_RUNPATH_SEARCH_PATHS = (
					"@executable_path/Frameworks",
					"@loader_path/Frameworks",
				);
				"LD_RUNPATH_SEARCH_PATHS[sdk=macosx*]" = (
					"@executable_path/../Frameworks",
					"@loader_path/Frameworks",
				);
				MACOSX_DEPLOYMENT_TARGET = 12.7;
				MARKETING_VERSION = 1.0;
				PRODUCT_BUNDLE_IDENTIFIER = fabianasd.TheMovieManagerMVVM;
				PRODUCT_NAME = "$(TARGET_NAME:c99extidentifier)";
				SDKROOT = auto;
				SKIP_INSTALL = YES;
				SUPPORTED_PLATFORMS = "iphoneos iphonesimulator macosx";
				SWIFT_EMIT_LOC_STRINGS = YES;
				SWIFT_OPTIMIZATION_LEVEL = "-Onone";
				SWIFT_VERSION = 5.0;
				TARGETED_DEVICE_FAMILY = "1,2";
			};
			name = Debug;
		};
		D3DE75572E27E59900763CDD /* Release */ = {
			isa = XCBuildConfiguration;
			buildSettings = {
				CLANG_ENABLE_MODULES = YES;
				CODE_SIGN_STYLE = Automatic;
				CURRENT_PROJECT_VERSION = 1;
				DEFINES_MODULE = YES;
				DYLIB_COMPATIBILITY_VERSION = 1;
				DYLIB_CURRENT_VERSION = 1;
				DYLIB_INSTALL_NAME_BASE = "@rpath";
				GENERATE_INFOPLIST_FILE = YES;
				INFOPLIST_KEY_NSHumanReadableCopyright = "";
				INSTALL_PATH = "$(LOCAL_LIBRARY_DIR)/Frameworks";
				IPHONEOS_DEPLOYMENT_TARGET = 16.2;
				LD_RUNPATH_SEARCH_PATHS = (
					"@executable_path/Frameworks",
					"@loader_path/Frameworks",
				);
				"LD_RUNPATH_SEARCH_PATHS[sdk=macosx*]" = (
					"@executable_path/../Frameworks",
					"@loader_path/Frameworks",
				);
				MACOSX_DEPLOYMENT_TARGET = 12.7;
				MARKETING_VERSION = 1.0;
				PRODUCT_BUNDLE_IDENTIFIER = fabianasd.TheMovieManagerMVVM;
				PRODUCT_NAME = "$(TARGET_NAME:c99extidentifier)";
				SDKROOT = auto;
				SKIP_INSTALL = YES;
				SUPPORTED_PLATFORMS = "iphoneos iphonesimulator macosx";
				SWIFT_EMIT_LOC_STRINGS = YES;
				SWIFT_VERSION = 5.0;
				TARGETED_DEVICE_FAMILY = "1,2";
			};
			name = Release;
		};
		D3DE75592E27E59900763CDD /* Debug */ = {
			isa = XCBuildConfiguration;
			buildSettings = {
				ALWAYS_EMBED_SWIFT_STANDARD_LIBRARIES = YES;
				CODE_SIGN_STYLE = Automatic;
				CURRENT_PROJECT_VERSION = 1;
				GENERATE_INFOPLIST_FILE = YES;
				IPHONEOS_DEPLOYMENT_TARGET = 16.2;
				MACOSX_DEPLOYMENT_TARGET = 12.7;
				MARKETING_VERSION = 1.0;
				PRODUCT_BUNDLE_IDENTIFIER = fabianasd.TheMovieManagerMVVMTests;
				PRODUCT_NAME = "$(TARGET_NAME)";
				SDKROOT = auto;
				SUPPORTED_PLATFORMS = "iphoneos iphonesimulator macosx";
				SWIFT_EMIT_LOC_STRINGS = NO;
				SWIFT_VERSION = 5.0;
				TARGETED_DEVICE_FAMILY = "1,2";
			};
			name = Debug;
		};
		D3DE755A2E27E59900763CDD /* Release */ = {
			isa = XCBuildConfiguration;
			buildSettings = {
				ALWAYS_EMBED_SWIFT_STANDARD_LIBRARIES = YES;
				CODE_SIGN_STYLE = Automatic;
				CURRENT_PROJECT_VERSION = 1;
				GENERATE_INFOPLIST_FILE = YES;
				IPHONEOS_DEPLOYMENT_TARGET = 16.2;
				MACOSX_DEPLOYMENT_TARGET = 12.7;
				MARKETING_VERSION = 1.0;
				PRODUCT_BUNDLE_IDENTIFIER = fabianasd.TheMovieManagerMVVMTests;
				PRODUCT_NAME = "$(TARGET_NAME)";
				SDKROOT = auto;
				SUPPORTED_PLATFORMS = "iphoneos iphonesimulator macosx";
				SWIFT_EMIT_LOC_STRINGS = NO;
				SWIFT_VERSION = 5.0;
				TARGETED_DEVICE_FAMILY = "1,2";
			};
			name = Release;
		};
/* End XCBuildConfiguration section */

/* Begin XCConfigurationList section */
		D380A7FB2E28A0CE00312BE7 /* Build configuration list for PBXNativeTarget "TheMovieManagerMVVMDemo" */ = {
			isa = XCConfigurationList;
			buildConfigurations = (
				D380A7FC2E28A0CE00312BE7 /* Debug */,
				D380A7FD2E28A0CE00312BE7 /* Release */,
			);
			defaultConfigurationIsVisible = 0;
			defaultConfigurationName = Release;
		};
		D3DE753B2E27E59800763CDD /* Build configuration list for PBXProject "TheMovieManagerMVVM" */ = {
			isa = XCConfigurationList;
			buildConfigurations = (
				D3DE75532E27E59900763CDD /* Debug */,
				D3DE75542E27E59900763CDD /* Release */,
			);
			defaultConfigurationIsVisible = 0;
			defaultConfigurationName = Release;
		};
		D3DE75552E27E59900763CDD /* Build configuration list for PBXNativeTarget "TheMovieManagerMVVM" */ = {
			isa = XCConfigurationList;
			buildConfigurations = (
				D3DE75562E27E59900763CDD /* Debug */,
				D3DE75572E27E59900763CDD /* Release */,
			);
			defaultConfigurationIsVisible = 0;
			defaultConfigurationName = Release;
		};
		D3DE75582E27E59900763CDD /* Build configuration list for PBXNativeTarget "TheMovieManagerMVVMTests" */ = {
			isa = XCConfigurationList;
			buildConfigurations = (
				D3DE75592E27E59900763CDD /* Debug */,
				D3DE755A2E27E59900763CDD /* Release */,
			);
			defaultConfigurationIsVisible = 0;
			defaultConfigurationName = Release;
		};
/* End XCConfigurationList section */
	};
	rootObject = D3DE75382E27E59800763CDD /* Project object */;
}
