// !$*UTF8*$!
{
	archiveVersion = 1;
	classes = {
	};
	objectVersion = 56;
	objects = {

/* Begin PBXBuildFile section */
		D324F05A2E1EE560002F3111 /* TheMovieManagerNewViewModel.swift in Sources */ = {isa = PBXBuildFile; fileRef = D324F0532E1EE560002F3111 /* TheMovieManagerNewViewModel.swift */; };
		D324F05B2E1EE560002F3111 /* TheMovieManagerNewHomeScreen.swift in Sources */ = {isa = PBXBuildFile; fileRef = D324F0542E1EE560002F3111 /* TheMovieManagerNewHomeScreen.swift */; };
		D324F05C2E1EE560002F3111 /* TheMovieManagerNewHomeRouter.swift in Sources */ = {isa = PBXBuildFile; fileRef = D324F0552E1EE560002F3111 /* TheMovieManagerNewHomeRouter.swift */; };
		D324F05D2E1EE560002F3111 /* TheMovieManagerNewHomeInteractor.swift in Sources */ = {isa = PBXBuildFile; fileRef = D324F0562E1EE560002F3111 /* TheMovieManagerNewHomeInteractor.swift */; };
		D324F05E2E1EE560002F3111 /* TheMovieManagerNewHomePresenter.swift in Sources */ = {isa = PBXBuildFile; fileRef = D324F0572E1EE560002F3111 /* TheMovieManagerNewHomePresenter.swift */; };
		D324F05F2E1EE560002F3111 /* TheMovieManagerNewHomeContract.swift in Sources */ = {isa = PBXBuildFile; fileRef = D324F0582E1EE560002F3111 /* TheMovieManagerNewHomeContract.swift */; };
		D324F0602E1EE560002F3111 /* TheMovieManagerNewHomeViewController.swift in Sources */ = {isa = PBXBuildFile; fileRef = D324F0592E1EE560002F3111 /* TheMovieManagerNewHomeViewController.swift */; };
		D324F0662E1EE933002F3111 /* BaseViewController.swift in Sources */ = {isa = PBXBuildFile; fileRef = D324F0652E1EE933002F3111 /* BaseViewController.swift */; };
		D324F06C2E1EF066002F3111 /* SnapKit in Frameworks */ = {isa = PBXBuildFile; productRef = D324F06B2E1EF066002F3111 /* SnapKit */; };
		D324F06E2E1EF0DB002F3111 /* CodeView.swift in Sources */ = {isa = PBXBuildFile; fileRef = D324F06D2E1EF0DB002F3111 /* CodeView.swift */; };
		D324F0D82E1F4C2F002F3111 /* SceneDelegate.swift in Sources */ = {isa = PBXBuildFile; fileRef = D324F0D72E1F4C2F002F3111 /* SceneDelegate.swift */; };
		D324F0DF2E1F4C31002F3111 /* Assets.xcassets in Resources */ = {isa = PBXBuildFile; fileRef = D324F0DE2E1F4C31002F3111 /* Assets.xcassets */; };
		D324F0E22E1F4C31002F3111 /* LaunchScreen.storyboard in Resources */ = {isa = PBXBuildFile; fileRef = D324F0E02E1F4C31002F3111 /* LaunchScreen.storyboard */; };
		D324F1032E1F4C9B002F3111 /* AppDelegate.swift in Sources */ = {isa = PBXBuildFile; fileRef = D324F0682E1EEA30002F3111 /* AppDelegate.swift */; };
		D324F1072E1F5028002F3111 /* BaseRouter.swift in Sources */ = {isa = PBXBuildFile; fileRef = D324F1062E1F5028002F3111 /* BaseRouter.swift */; };
		D324F10C2E1F56B6002F3111 /* TheMovieManagerNew.framework in Frameworks */ = {isa = PBXBuildFile; fileRef = D38E6A302E1CCA390011DE6A /* TheMovieManagerNew.framework */; };
		D38E6A3B2E1CCA390011DE6A /* TheMovieManagerNew.framework in Frameworks */ = {isa = PBXBuildFile; fileRef = D38E6A302E1CCA390011DE6A /* TheMovieManagerNew.framework */; };
		D38E6A402E1CCA390011DE6A /* TheMovieManagerNewTests.swift in Sources */ = {isa = PBXBuildFile; fileRef = D38E6A3F2E1CCA390011DE6A /* TheMovieManagerNewTests.swift */; };
/* End PBXBuildFile section */

/* Begin PBXContainerItemProxy section */
		D324F10A2E1F56AF002F3111 /* PBXContainerItemProxy */ = {
			isa = PBXContainerItemProxy;
			containerPortal = D38E6A272E1CCA390011DE6A /* Project object */;
			proxyType = 1;
			remoteGlobalIDString = D38E6A2F2E1CCA390011DE6A;
			remoteInfo = TheMovieManagerNew;
		};
		D38E6A3C2E1CCA390011DE6A /* PBXContainerItemProxy */ = {
			isa = PBXContainerItemProxy;
			containerPortal = D38E6A272E1CCA390011DE6A /* Project object */;
			proxyType = 1;
			remoteGlobalIDString = D38E6A2F2E1CCA390011DE6A;
			remoteInfo = TheMovieManagerNew;
		};
/* End PBXContainerItemProxy section */

/* Begin PBXFileReference section */
		D324F0532E1EE560002F3111 /* TheMovieManagerNewViewModel.swift */ = {isa = PBXFileReference; fileEncoding = 4; lastKnownFileType = sourcecode.swift; path = TheMovieManagerNewViewModel.swift; sourceTree = "<group>"; };
		D324F0542E1EE560002F3111 /* TheMovieManagerNewHomeScreen.swift */ = {isa = PBXFileReference; fileEncoding = 4; lastKnownFileType = sourcecode.swift; path = TheMovieManagerNewHomeScreen.swift; sourceTree = "<group>"; };
		D324F0552E1EE560002F3111 /* TheMovieManagerNewHomeRouter.swift */ = {isa = PBXFileReference; fileEncoding = 4; lastKnownFileType = sourcecode.swift; path = TheMovieManagerNewHomeRouter.swift; sourceTree = "<group>"; };
		D324F0562E1EE560002F3111 /* TheMovieManagerNewHomeInteractor.swift */ = {isa = PBXFileReference; fileEncoding = 4; lastKnownFileType = sourcecode.swift; path = TheMovieManagerNewHomeInteractor.swift; sourceTree = "<group>"; };
		D324F0572E1EE560002F3111 /* TheMovieManagerNewHomePresenter.swift */ = {isa = PBXFileReference; fileEncoding = 4; lastKnownFileType = sourcecode.swift; path = TheMovieManagerNewHomePresenter.swift; sourceTree = "<group>"; };
		D324F0582E1EE560002F3111 /* TheMovieManagerNewHomeContract.swift */ = {isa = PBXFileReference; fileEncoding = 4; lastKnownFileType = sourcecode.swift; path = TheMovieManagerNewHomeContract.swift; sourceTree = "<group>"; };
		D324F0592E1EE560002F3111 /* TheMovieManagerNewHomeViewController.swift */ = {isa = PBXFileReference; fileEncoding = 4; lastKnownFileType = sourcecode.swift; path = TheMovieManagerNewHomeViewController.swift; sourceTree = "<group>"; };
		D324F0652E1EE933002F3111 /* BaseViewController.swift */ = {isa = PBXFileReference; lastKnownFileType = sourcecode.swift; path = BaseViewController.swift; sourceTree = "<group>"; };
		D324F0682E1EEA30002F3111 /* AppDelegate.swift */ = {isa = PBXFileReference; lastKnownFileType = sourcecode.swift; name = AppDelegate.swift; path = ../Root/AppDelegate.swift; sourceTree = "<group>"; };
		D324F06D2E1EF0DB002F3111 /* CodeView.swift */ = {isa = PBXFileReference; lastKnownFileType = sourcecode.swift; path = CodeView.swift; sourceTree = "<group>"; };
		D324F0D32E1F4C2F002F3111 /* TheMovieManagerNewDemo.app */ = {isa = PBXFileReference; explicitFileType = wrapper.application; includeInIndex = 0; path = TheMovieManagerNewDemo.app; sourceTree = BUILT_PRODUCTS_DIR; };
		D324F0D72E1F4C2F002F3111 /* SceneDelegate.swift */ = {isa = PBXFileReference; lastKnownFileType = sourcecode.swift; path = SceneDelegate.swift; sourceTree = "<group>"; };
		D324F0DE2E1F4C31002F3111 /* Assets.xcassets */ = {isa = PBXFileReference; lastKnownFileType = folder.assetcatalog; path = Assets.xcassets; sourceTree = "<group>"; };
		D324F0E12E1F4C31002F3111 /* Base */ = {isa = PBXFileReference; lastKnownFileType = file.storyboard; name = Base; path = Base.lproj/LaunchScreen.storyboard; sourceTree = "<group>"; };
		D324F0E32E1F4C31002F3111 /* Info.plist */ = {isa = PBXFileReference; lastKnownFileType = text.plist.xml; path = Info.plist; sourceTree = "<group>"; };
		D324F1062E1F5028002F3111 /* BaseRouter.swift */ = {isa = PBXFileReference; fileEncoding = 4; lastKnownFileType = sourcecode.swift; name = BaseRouter.swift; path = ../../../../../.Trash/BaseRouter.swift; sourceTree = "<group>"; };
		D38E6A302E1CCA390011DE6A /* TheMovieManagerNew.framework */ = {isa = PBXFileReference; explicitFileType = wrapper.framework; includeInIndex = 0; path = TheMovieManagerNew.framework; sourceTree = BUILT_PRODUCTS_DIR; };
		D38E6A3A2E1CCA390011DE6A /* TheMovieManagerNewTests.xctest */ = {isa = PBXFileReference; explicitFileType = wrapper.cfbundle; includeInIndex = 0; path = TheMovieManagerNewTests.xctest; sourceTree = BUILT_PRODUCTS_DIR; };
		D38E6A3F2E1CCA390011DE6A /* TheMovieManagerNewTests.swift */ = {isa = PBXFileReference; lastKnownFileType = sourcecode.swift; path = TheMovieManagerNewTests.swift; sourceTree = "<group>"; };
/* End PBXFileReference section */

/* Begin PBXFrameworksBuildPhase section */
		D324F0D02E1F4C2F002F3111 /* Frameworks */ = {
			isa = PBXFrameworksBuildPhase;
			buildActionMask = 2147483647;
			files = (
				D324F10C2E1F56B6002F3111 /* TheMovieManagerNew.framework in Frameworks */,
			);
			runOnlyForDeploymentPostprocessing = 0;
		};
		D38E6A2D2E1CCA390011DE6A /* Frameworks */ = {
			isa = PBXFrameworksBuildPhase;
			buildActionMask = 2147483647;
			files = (
				D324F06C2E1EF066002F3111 /* SnapKit in Frameworks */,
			);
			runOnlyForDeploymentPostprocessing = 0;
		};
		D38E6A372E1CCA390011DE6A /* Frameworks */ = {
			isa = PBXFrameworksBuildPhase;
			buildActionMask = 2147483647;
			files = (
				D38E6A3B2E1CCA390011DE6A /* TheMovieManagerNew.framework in Frameworks */,
			);
			runOnlyForDeploymentPostprocessing = 0;
		};
/* End PBXFrameworksBuildPhase section */

/* Begin PBXGroup section */
		D324F0522E1EE560002F3111 /* TheMovieManagerNewHome  */ = {
			isa = PBXGroup;
			children = (
				D324F0532E1EE560002F3111 /* TheMovieManagerNewViewModel.swift */,
				D324F0542E1EE560002F3111 /* TheMovieManagerNewHomeScreen.swift */,
				D324F0552E1EE560002F3111 /* TheMovieManagerNewHomeRouter.swift */,
				D324F0562E1EE560002F3111 /* TheMovieManagerNewHomeInteractor.swift */,
				D324F0572E1EE560002F3111 /* TheMovieManagerNewHomePresenter.swift */,
				D324F0582E1EE560002F3111 /* TheMovieManagerNewHomeContract.swift */,
				D324F0592E1EE560002F3111 /* TheMovieManagerNewHomeViewController.swift */,
			);
			path = "TheMovieManagerNewHome ";
			sourceTree = "<group>";
		};
		D324F0612E1EE8E8002F3111 /* Modules */ = {
			isa = PBXGroup;
			children = (
				D324F0522E1EE560002F3111 /* TheMovieManagerNewHome  */,
			);
			path = Modules;
			sourceTree = "<group>";
		};
		D324F0622E1EE8F4002F3111 /* Core */ = {
			isa = PBXGroup;
			children = (
				D324F0652E1EE933002F3111 /* BaseViewController.swift */,
				D324F1062E1F5028002F3111 /* BaseRouter.swift */,
				D324F06D2E1EF0DB002F3111 /* CodeView.swift */,
			);
			path = Core;
			sourceTree = "<group>";
		};
		D324F09F2E1EF57B002F3111 /* Frameworks */ = {
			isa = PBXGroup;
			children = (
			);
			name = Frameworks;
			sourceTree = "<group>";
		};
		D324F0D42E1F4C2F002F3111 /* TheMovieManagerNewDemo */ = {
			isa = PBXGroup;
			children = (
				D324F0682E1EEA30002F3111 /* AppDelegate.swift */,
				D324F0D72E1F4C2F002F3111 /* SceneDelegate.swift */,
				D324F0DE2E1F4C31002F3111 /* Assets.xcassets */,
				D324F0E02E1F4C31002F3111 /* LaunchScreen.storyboard */,
				D324F0E32E1F4C31002F3111 /* Info.plist */,
			);
			path = TheMovieManagerNewDemo;
			sourceTree = "<group>";
		};
		D38E6A262E1CCA390011DE6A = {
			isa = PBXGroup;
			children = (
				D324F0622E1EE8F4002F3111 /* Core */,
				D324F0612E1EE8E8002F3111 /* Modules */,
				D38E6A3E2E1CCA390011DE6A /* TheMovieManagerNewTests */,
				D324F0D42E1F4C2F002F3111 /* TheMovieManagerNewDemo */,
				D38E6A312E1CCA390011DE6A /* Products */,
				D324F09F2E1EF57B002F3111 /* Frameworks */,
			);
			sourceTree = "<group>";
		};
		D38E6A312E1CCA390011DE6A /* Products */ = {
			isa = PBXGroup;
			children = (
				D38E6A302E1CCA390011DE6A /* TheMovieManagerNew.framework */,
				D38E6A3A2E1CCA390011DE6A /* TheMovieManagerNewTests.xctest */,
				D324F0D32E1F4C2F002F3111 /* TheMovieManagerNewDemo.app */,
			);
			name = Products;
			sourceTree = "<group>";
		};
		D38E6A3E2E1CCA390011DE6A /* TheMovieManagerNewTests */ = {
			isa = PBXGroup;
			children = (
				D38E6A3F2E1CCA390011DE6A /* TheMovieManagerNewTests.swift */,
			);
			path = TheMovieManagerNewTests;
			sourceTree = "<group>";
		};
/* End PBXGroup section */

/* Begin PBXHeadersBuildPhase section */
		D38E6A2B2E1CCA390011DE6A /* Headers */ = {
			isa = PBXHeadersBuildPhase;
			buildActionMask = 2147483647;
			files = (
			);
			runOnlyForDeploymentPostprocessing = 0;
		};
/* End PBXHeadersBuildPhase section */

/* Begin PBXNativeTarget section */
		D324F0D22E1F4C2F002F3111 /* TheMovieManagerNewDemo */ = {
			isa = PBXNativeTarget;
			buildConfigurationList = D324F0FA2E1F4C32002F3111 /* Build configuration list for PBXNativeTarget "TheMovieManagerNewDemo" */;
			buildPhases = (
				D324F0CF2E1F4C2F002F3111 /* Sources */,
				D324F0D02E1F4C2F002F3111 /* Frameworks */,
				D324F0D12E1F4C2F002F3111 /* Resources */,
			);
			buildRules = (
			);
			dependencies = (
				D324F10B2E1F56AF002F3111 /* PBXTargetDependency */,
			);
			name = TheMovieManagerNewDemo;
			productName = TheMovieManagerNewDemo;
			productReference = D324F0D32E1F4C2F002F3111 /* TheMovieManagerNewDemo.app */;
			productType = "com.apple.product-type.application";
		};
		D38E6A2F2E1CCA390011DE6A /* TheMovieManagerNew */ = {
			isa = PBXNativeTarget;
			buildConfigurationList = D38E6A442E1CCA390011DE6A /* Build configuration list for PBXNativeTarget "TheMovieManagerNew" */;
			buildPhases = (
				D38E6A2B2E1CCA390011DE6A /* Headers */,
				D38E6A2C2E1CCA390011DE6A /* Sources */,
				D38E6A2D2E1CCA390011DE6A /* Frameworks */,
				D38E6A2E2E1CCA390011DE6A /* Resources */,
			);
			buildRules = (
			);
			dependencies = (
			);
			name = TheMovieManagerNew;
			packageProductDependencies = (
				D324F06B2E1EF066002F3111 /* SnapKit */,
			);
			productName = TheMovieManagerNew;
			productReference = D38E6A302E1CCA390011DE6A /* TheMovieManagerNew.framework */;
			productType = "com.apple.product-type.framework";
		};
		D38E6A392E1CCA390011DE6A /* TheMovieManagerNewTests */ = {
			isa = PBXNativeTarget;
			buildConfigurationList = D38E6A472E1CCA390011DE6A /* Build configuration list for PBXNativeTarget "TheMovieManagerNewTests" */;
			buildPhases = (
				D38E6A362E1CCA390011DE6A /* Sources */,
				D38E6A372E1CCA390011DE6A /* Frameworks */,
				D38E6A382E1CCA390011DE6A /* Resources */,
			);
			buildRules = (
			);
			dependencies = (
				D38E6A3D2E1CCA390011DE6A /* PBXTargetDependency */,
			);
			name = TheMovieManagerNewTests;
			productName = TheMovieManagerNewTests;
			productReference = D38E6A3A2E1CCA390011DE6A /* TheMovieManagerNewTests.xctest */;
			productType = "com.apple.product-type.bundle.unit-test";
		};
/* End PBXNativeTarget section */

/* Begin PBXProject section */
		D38E6A272E1CCA390011DE6A /* Project object */ = {
			isa = PBXProject;
			attributes = {
				BuildIndependentTargetsInParallel = 1;
				LastSwiftUpdateCheck = 1420;
				LastUpgradeCheck = 1420;
				TargetAttributes = {
					D324F0D22E1F4C2F002F3111 = {
						CreatedOnToolsVersion = 14.2;
					};
					D38E6A2F2E1CCA390011DE6A = {
						CreatedOnToolsVersion = 14.2;
					};
					D38E6A392E1CCA390011DE6A = {
						CreatedOnToolsVersion = 14.2;
					};
				};
			};
			buildConfigurationList = D38E6A2A2E1CCA390011DE6A /* Build configuration list for PBXProject "TheMovieManagerNew" */;
			compatibilityVersion = "Xcode 14.0";
			developmentRegion = en;
			hasScannedForEncodings = 0;
			knownRegions = (
				en,
				Base,
			);
			mainGroup = D38E6A262E1CCA390011DE6A;
			packageReferences = (
				D324F06A2E1EF066002F3111 /* XCRemoteSwiftPackageReference "SnapKit" */,
			);
			productRefGroup = D38E6A312E1CCA390011DE6A /* Products */;
			projectDirPath = "";
			projectRoot = "";
			targets = (
				D38E6A2F2E1CCA390011DE6A /* TheMovieManagerNew */,
				D38E6A392E1CCA390011DE6A /* TheMovieManagerNewTests */,
				D324F0D22E1F4C2F002F3111 /* TheMovieManagerNewDemo */,
			);
		};
/* End PBXProject section */

/* Begin PBXResourcesBuildPhase section */
		D324F0D12E1F4C2F002F3111 /* Resources */ = {
			isa = PBXResourcesBuildPhase;
			buildActionMask = 2147483647;
			files = (
				D324F0E22E1F4C31002F3111 /* LaunchScreen.storyboard in Resources */,
				D324F0DF2E1F4C31002F3111 /* Assets.xcassets in Resources */,
			);
			runOnlyForDeploymentPostprocessing = 0;
		};
		D38E6A2E2E1CCA390011DE6A /* Resources */ = {
			isa = PBXResourcesBuildPhase;
			buildActionMask = 2147483647;
			files = (
			);
			runOnlyForDeploymentPostprocessing = 0;
		};
		D38E6A382E1CCA390011DE6A /* Resources */ = {
			isa = PBXResourcesBuildPhase;
			buildActionMask = 2147483647;
			files = (
			);
			runOnlyForDeploymentPostprocessing = 0;
		};
/* End PBXResourcesBuildPhase section */

/* Begin PBXSourcesBuildPhase section */
		D324F0CF2E1F4C2F002F3111 /* Sources */ = {
			isa = PBXSourcesBuildPhase;
			buildActionMask = 2147483647;
			files = (
				D324F1032E1F4C9B002F3111 /* AppDelegate.swift in Sources */,
				D324F0D82E1F4C2F002F3111 /* SceneDelegate.swift in Sources */,
			);
			runOnlyForDeploymentPostprocessing = 0;
		};
		D38E6A2C2E1CCA390011DE6A /* Sources */ = {
			isa = PBXSourcesBuildPhase;
			buildActionMask = 2147483647;
			files = (
				D324F05C2E1EE560002F3111 /* TheMovieManagerNewHomeRouter.swift in Sources */,
				D324F05D2E1EE560002F3111 /* TheMovieManagerNewHomeInteractor.swift in Sources */,
				D324F05B2E1EE560002F3111 /* TheMovieManagerNewHomeScreen.swift in Sources */,
				D324F05A2E1EE560002F3111 /* TheMovieManagerNewViewModel.swift in Sources */,
				D324F0602E1EE560002F3111 /* TheMovieManagerNewHomeViewController.swift in Sources */,
				D324F0662E1EE933002F3111 /* BaseViewController.swift in Sources */,
				D324F06E2E1EF0DB002F3111 /* CodeView.swift in Sources */,
				D324F1072E1F5028002F3111 /* BaseRouter.swift in Sources */,
				D324F05F2E1EE560002F3111 /* TheMovieManagerNewHomeContract.swift in Sources */,
				D324F05E2E1EE560002F3111 /* TheMovieManagerNewHomePresenter.swift in Sources */,
			);
			runOnlyForDeploymentPostprocessing = 0;
		};
		D38E6A362E1CCA390011DE6A /* Sources */ = {
			isa = PBXSourcesBuildPhase;
			buildActionMask = 2147483647;
			files = (
				D38E6A402E1CCA390011DE6A /* TheMovieManagerNewTests.swift in Sources */,
			);
			runOnlyForDeploymentPostprocessing = 0;
		};
/* End PBXSourcesBuildPhase section */

/* Begin PBXTargetDependency section */
		D324F10B2E1F56AF002F3111 /* PBXTargetDependency */ = {
			isa = PBXTargetDependency;
			target = D38E6A2F2E1CCA390011DE6A /* TheMovieManagerNew */;
			targetProxy = D324F10A2E1F56AF002F3111 /* PBXContainerItemProxy */;
		};
		D38E6A3D2E1CCA390011DE6A /* PBXTargetDependency */ = {
			isa = PBXTargetDependency;
			target = D38E6A2F2E1CCA390011DE6A /* TheMovieManagerNew */;
			targetProxy = D38E6A3C2E1CCA390011DE6A /* PBXContainerItemProxy */;
		};
/* End PBXTargetDependency section */

/* Begin PBXVariantGroup section */
		D324F0E02E1F4C31002F3111 /* LaunchScreen.storyboard */ = {
			isa = PBXVariantGroup;
			children = (
				D324F0E12E1F4C31002F3111 /* Base */,
			);
			name = LaunchScreen.storyboard;
			sourceTree = "<group>";
		};
/* End PBXVariantGroup section */

/* Begin XCBuildConfiguration section */
		D324F0FB2E1F4C32002F3111 /* Debug */ = {
			isa = XCBuildConfiguration;
			buildSettings = {
				ASSETCATALOG_COMPILER_APPICON_NAME = AppIcon;
				ASSETCATALOG_COMPILER_GLOBAL_ACCENT_COLOR_NAME = AccentColor;
				CODE_SIGN_STYLE = Automatic;
				CURRENT_PROJECT_VERSION = 1;
				GENERATE_INFOPLIST_FILE = YES;
				INFOPLIST_FILE = TheMovieManagerNewDemo/Info.plist;
				INFOPLIST_KEY_UIApplicationSupportsIndirectInputEvents = YES;
				INFOPLIST_KEY_UILaunchStoryboardName = LaunchScreen;
				INFOPLIST_KEY_UIMainStoryboardFile = "";
				INFOPLIST_KEY_UISupportedInterfaceOrientations_iPad = "UIInterfaceOrientationPortrait UIInterfaceOrientationPortraitUpsideDown UIInterfaceOrientationLandscapeLeft UIInterfaceOrientationLandscapeRight";
				INFOPLIST_KEY_UISupportedInterfaceOrientations_iPhone = "UIInterfaceOrientationPortrait UIInterfaceOrientationLandscapeLeft UIInterfaceOrientationLandscapeRight";
				IPHONEOS_DEPLOYMENT_TARGET = 16.2;
				LD_RUNPATH_SEARCH_PATHS = (
					"$(inherited)",
					"@executable_path/Frameworks",
				);
				MARKETING_VERSION = 1.0;
				PRODUCT_BUNDLE_IDENTIFIER = fabianasd.TheMovieManagerNewDemo;
				PRODUCT_NAME = "$(TARGET_NAME)";
				SDKROOT = iphoneos;
				SWIFT_EMIT_LOC_STRINGS = YES;
				SWIFT_VERSION = 5.0;
				TARGETED_DEVICE_FAMILY = "1,2";
			};
			name = Debug;
		};
		D324F0FC2E1F4C32002F3111 /* Release */ = {
			isa = XCBuildConfiguration;
			buildSettings = {
				ASSETCATALOG_COMPILER_APPICON_NAME = AppIcon;
				ASSETCATALOG_COMPILER_GLOBAL_ACCENT_COLOR_NAME = AccentColor;
				CODE_SIGN_STYLE = Automatic;
				CURRENT_PROJECT_VERSION = 1;
				GENERATE_INFOPLIST_FILE = YES;
				INFOPLIST_FILE = TheMovieManagerNewDemo/Info.plist;
				INFOPLIST_KEY_UIApplicationSupportsIndirectInputEvents = YES;
				INFOPLIST_KEY_UILaunchStoryboardName = LaunchScreen;
				INFOPLIST_KEY_UIMainStoryboardFile = "";
				INFOPLIST_KEY_UISupportedInterfaceOrientations_iPad = "UIInterfaceOrientationPortrait UIInterfaceOrientationPortraitUpsideDown UIInterfaceOrientationLandscapeLeft UIInterfaceOrientationLandscapeRight";
				INFOPLIST_KEY_UISupportedInterfaceOrientations_iPhone = "UIInterfaceOrientationPortrait UIInterfaceOrientationLandscapeLeft UIInterfaceOrientationLandscapeRight";
				IPHONEOS_DEPLOYMENT_TARGET = 16.2;
				LD_RUNPATH_SEARCH_PATHS = (
					"$(inherited)",
					"@executable_path/Frameworks",
				);
				MARKETING_VERSION = 1.0;
				PRODUCT_BUNDLE_IDENTIFIER = fabianasd.TheMovieManagerNewDemo;
				PRODUCT_NAME = "$(TARGET_NAME)";
				SDKROOT = iphoneos;
				SWIFT_EMIT_LOC_STRINGS = YES;
				SWIFT_VERSION = 5.0;
				TARGETED_DEVICE_FAMILY = "1,2";
				VALIDATE_PRODUCT = YES;
			};
			name = Release;
		};
		D38E6A422E1CCA390011DE6A /* Debug */ = {
			isa = XCBuildConfiguration;
			buildSettings = {
				ALWAYS_SEARCH_USER_PATHS = NO;
				CLANG_ANALYZER_NONNULL = YES;
				CLANG_ANALYZER_NUMBER_OBJECT_CONVERSION = YES_AGGRESSIVE;
				CLANG_CXX_LANGUAGE_STANDARD = "gnu++20";
				CLANG_ENABLE_MODULES = YES;
				CLANG_ENABLE_OBJC_ARC = YES;
				CLANG_ENABLE_OBJC_WEAK = YES;
				CLANG_WARN_BLOCK_CAPTURE_AUTORELEASING = YES;
				CLANG_WARN_BOOL_CONVERSION = YES;
				CLANG_WARN_COMMA = YES;
				CLANG_WARN_CONSTANT_CONVERSION = YES;
				CLANG_WARN_DEPRECATED_OBJC_IMPLEMENTATIONS = YES;
				CLANG_WARN_DIRECT_OBJC_ISA_USAGE = YES_ERROR;
				CLANG_WARN_DOCUMENTATION_COMMENTS = YES;
				CLANG_WARN_EMPTY_BODY = YES;
				CLANG_WARN_ENUM_CONVERSION = YES;
				CLANG_WARN_INFINITE_RECURSION = YES;
				CLANG_WARN_INT_CONVERSION = YES;
				CLANG_WARN_NON_LITERAL_NULL_CONVERSION = YES;
				CLANG_WARN_OBJC_IMPLICIT_RETAIN_SELF = YES;
				CLANG_WARN_OBJC_LITERAL_CONVERSION = YES;
				CLANG_WARN_OBJC_ROOT_CLASS = YES_ERROR;
				CLANG_WARN_QUOTED_INCLUDE_IN_FRAMEWORK_HEADER = YES;
				CLANG_WARN_RANGE_LOOP_ANALYSIS = YES;
				CLANG_WARN_STRICT_PROTOTYPES = YES;
				CLANG_WARN_SUSPICIOUS_MOVE = YES;
				CLANG_WARN_UNGUARDED_AVAILABILITY = YES_AGGRESSIVE;
				CLANG_WARN_UNREACHABLE_CODE = YES;
				CLANG_WARN__DUPLICATE_METHOD_MATCH = YES;
				COPY_PHASE_STRIP = NO;
				CURRENT_PROJECT_VERSION = 1;
				DEBUG_INFORMATION_FORMAT = dwarf;
				ENABLE_STRICT_OBJC_MSGSEND = YES;
				ENABLE_TESTABILITY = YES;
				GCC_C_LANGUAGE_STANDARD = gnu11;
				GCC_DYNAMIC_NO_PIC = NO;
				GCC_NO_COMMON_BLOCKS = YES;
				GCC_OPTIMIZATION_LEVEL = 0;
				GCC_PREPROCESSOR_DEFINITIONS = (
					"DEBUG=1",
					"$(inherited)",
				);
				GCC_WARN_64_TO_32_BIT_CONVERSION = YES;
				GCC_WARN_ABOUT_RETURN_TYPE = YES_ERROR;
				GCC_WARN_UNDECLARED_SELECTOR = YES;
				GCC_WARN_UNINITIALIZED_AUTOS = YES_AGGRESSIVE;
				GCC_WARN_UNUSED_FUNCTION = YES;
				GCC_WARN_UNUSED_VARIABLE = YES;
				MTL_ENABLE_DEBUG_INFO = INCLUDE_SOURCE;
				MTL_FAST_MATH = YES;
				ONLY_ACTIVE_ARCH = YES;
				SWIFT_ACTIVE_COMPILATION_CONDITIONS = DEBUG;
				SWIFT_OPTIMIZATION_LEVEL = "-Onone";
				VERSIONING_SYSTEM = "apple-generic";
				VERSION_INFO_PREFIX = "";
			};
			name = Debug;
		};
		D38E6A432E1CCA390011DE6A /* Release */ = {
			isa = XCBuildConfiguration;
			buildSettings = {
				ALWAYS_SEARCH_USER_PATHS = NO;
				CLANG_ANALYZER_NONNULL = YES;
				CLANG_ANALYZER_NUMBER_OBJECT_CONVERSION = YES_AGGRESSIVE;
				CLANG_CXX_LANGUAGE_STANDARD = "gnu++20";
				CLANG_ENABLE_MODULES = YES;
				CLANG_ENABLE_OBJC_ARC = YES;
				CLANG_ENABLE_OBJC_WEAK = YES;
				CLANG_WARN_BLOCK_CAPTURE_AUTORELEASING = YES;
				CLANG_WARN_BOOL_CONVERSION = YES;
				CLANG_WARN_COMMA = YES;
				CLANG_WARN_CONSTANT_CONVERSION = YES;
				CLANG_WARN_DEPRECATED_OBJC_IMPLEMENTATIONS = YES;
				CLANG_WARN_DIRECT_OBJC_ISA_USAGE = YES_ERROR;
				CLANG_WARN_DOCUMENTATION_COMMENTS = YES;
				CLANG_WARN_EMPTY_BODY = YES;
				CLANG_WARN_ENUM_CONVERSION = YES;
				CLANG_WARN_INFINITE_RECURSION = YES;
				CLANG_WARN_INT_CONVERSION = YES;
				CLANG_WARN_NON_LITERAL_NULL_CONVERSION = YES;
				CLANG_WARN_OBJC_IMPLICIT_RETAIN_SELF = YES;
				CLANG_WARN_OBJC_LITERAL_CONVERSION = YES;
				CLANG_WARN_OBJC_ROOT_CLASS = YES_ERROR;
				CLANG_WARN_QUOTED_INCLUDE_IN_FRAMEWORK_HEADER = YES;
				CLANG_WARN_RANGE_LOOP_ANALYSIS = YES;
				CLANG_WARN_STRICT_PROTOTYPES = YES;
				CLANG_WARN_SUSPICIOUS_MOVE = YES;
				CLANG_WARN_UNGUARDED_AVAILABILITY = YES_AGGRESSIVE;
				CLANG_WARN_UNREACHABLE_CODE = YES;
				CLANG_WARN__DUPLICATE_METHOD_MATCH = YES;
				COPY_PHASE_STRIP = NO;
				CURRENT_PROJECT_VERSION = 1;
				DEBUG_INFORMATION_FORMAT = "dwarf-with-dsym";
				ENABLE_NS_ASSERTIONS = NO;
				ENABLE_STRICT_OBJC_MSGSEND = YES;
				GCC_C_LANGUAGE_STANDARD = gnu11;
				GCC_NO_COMMON_BLOCKS = YES;
				GCC_WARN_64_TO_32_BIT_CONVERSION = YES;
				GCC_WARN_ABOUT_RETURN_TYPE = YES_ERROR;
				GCC_WARN_UNDECLARED_SELECTOR = YES;
				GCC_WARN_UNINITIALIZED_AUTOS = YES_AGGRESSIVE;
				GCC_WARN_UNUSED_FUNCTION = YES;
				GCC_WARN_UNUSED_VARIABLE = YES;
				MTL_ENABLE_DEBUG_INFO = NO;
				MTL_FAST_MATH = YES;
				SWIFT_COMPILATION_MODE = wholemodule;
				SWIFT_OPTIMIZATION_LEVEL = "-O";
				VERSIONING_SYSTEM = "apple-generic";
				VERSION_INFO_PREFIX = "";
			};
			name = Release;
		};
		D38E6A452E1CCA390011DE6A /* Debug */ = {
			isa = XCBuildConfiguration;
			buildSettings = {
				CODE_SIGN_STYLE = Automatic;
				CURRENT_PROJECT_VERSION = 1;
				DEFINES_MODULE = YES;
				DYLIB_COMPATIBILITY_VERSION = 1;
				DYLIB_CURRENT_VERSION = 1;
				DYLIB_INSTALL_NAME_BASE = "@rpath";
				GENERATE_INFOPLIST_FILE = YES;
				INFOPLIST_KEY_NSHumanReadableCopyright = "";
				INSTALL_PATH = "$(LOCAL_LIBRARY_DIR)/Frameworks";
				IPHONEOS_DEPLOYMENT_TARGET = 16.2;
				LD_RUNPATH_SEARCH_PATHS = (
					"@executable_path/Frameworks",
					"@loader_path/Frameworks",
				);
				"LD_RUNPATH_SEARCH_PATHS[sdk=macosx*]" = (
					"@executable_path/../Frameworks",
					"@loader_path/Frameworks",
				);
				MACOSX_DEPLOYMENT_TARGET = 12.7;
				MARKETING_VERSION = 1.0;
				PRODUCT_BUNDLE_IDENTIFIER = fabianasd.TheMovieManagerNew;
				PRODUCT_NAME = "$(TARGET_NAME:c99extidentifier)";
				SDKROOT = auto;
				SKIP_INSTALL = YES;
				SUPPORTED_PLATFORMS = "iphoneos iphonesimulator macosx";
				SWIFT_EMIT_LOC_STRINGS = YES;
				SWIFT_VERSION = 5.0;
				TARGETED_DEVICE_FAMILY = "1,2";
			};
			name = Debug;
		};
		D38E6A462E1CCA390011DE6A /* Release */ = {
			isa = XCBuildConfiguration;
			buildSettings = {
				CODE_SIGN_STYLE = Automatic;
				CURRENT_PROJECT_VERSION = 1;
				DEFINES_MODULE = YES;
				DYLIB_COMPATIBILITY_VERSION = 1;
				DYLIB_CURRENT_VERSION = 1;
				DYLIB_INSTALL_NAME_BASE = "@rpath";
				GENERATE_INFOPLIST_FILE = YES;
				INFOPLIST_KEY_NSHumanReadableCopyright = "";
				INSTALL_PATH = "$(LOCAL_LIBRARY_DIR)/Frameworks";
				IPHONEOS_DEPLOYMENT_TARGET = 16.2;
				LD_RUNPATH_SEARCH_PATHS = (
					"@executable_path/Frameworks",
					"@loader_path/Frameworks",
				);
				"LD_RUNPATH_SEARCH_PATHS[sdk=macosx*]" = (
					"@executable_path/../Frameworks",
					"@loader_path/Frameworks",
				);
				MACOSX_DEPLOYMENT_TARGET = 12.7;
				MARKETING_VERSION = 1.0;
				PRODUCT_BUNDLE_IDENTIFIER = fabianasd.TheMovieManagerNew;
				PRODUCT_NAME = "$(TARGET_NAME:c99extidentifier)";
				SDKROOT = auto;
				SKIP_INSTALL = YES;
				SUPPORTED_PLATFORMS = "iphoneos iphonesimulator macosx";
				SWIFT_EMIT_LOC_STRINGS = YES;
				SWIFT_VERSION = 5.0;
				TARGETED_DEVICE_FAMILY = "1,2";
			};
			name = Release;
		};
		D38E6A482E1CCA390011DE6A /* Debug */ = {
			isa = XCBuildConfiguration;
			buildSettings = {
				ALWAYS_EMBED_SWIFT_STANDARD_LIBRARIES = YES;
				CODE_SIGN_STYLE = Automatic;
				CURRENT_PROJECT_VERSION = 1;
				GENERATE_INFOPLIST_FILE = YES;
				IPHONEOS_DEPLOYMENT_TARGET = 16.2;
				MACOSX_DEPLOYMENT_TARGET = 12.7;
				MARKETING_VERSION = 1.0;
				PRODUCT_BUNDLE_IDENTIFIER = fabianasd.TheMovieManagerNewTests;
				PRODUCT_NAME = "$(TARGET_NAME)";
				SDKROOT = auto;
				SUPPORTED_PLATFORMS = "iphoneos iphonesimulator macosx";
				SWIFT_EMIT_LOC_STRINGS = NO;
				SWIFT_VERSION = 5.0;
				TARGETED_DEVICE_FAMILY = "1,2";
			};
			name = Debug;
		};
		D38E6A492E1CCA390011DE6A /* Release */ = {
			isa = XCBuildConfiguration;
			buildSettings = {
				ALWAYS_EMBED_SWIFT_STANDARD_LIBRARIES = YES;
				CODE_SIGN_STYLE = Automatic;
				CURRENT_PROJECT_VERSION = 1;
				GENERATE_INFOPLIST_FILE = YES;
				IPHONEOS_DEPLOYMENT_TARGET = 16.2;
				MACOSX_DEPLOYMENT_TARGET = 12.7;
				MARKETING_VERSION = 1.0;
				PRODUCT_BUNDLE_IDENTIFIER = fabianasd.TheMovieManagerNewTests;
				PRODUCT_NAME = "$(TARGET_NAME)";
				SDKROOT = auto;
				SUPPORTED_PLATFORMS = "iphoneos iphonesimulator macosx";
				SWIFT_EMIT_LOC_STRINGS = NO;
				SWIFT_VERSION = 5.0;
				TARGETED_DEVICE_FAMILY = "1,2";
			};
			name = Release;
		};
/* End XCBuildConfiguration section */

/* Begin XCConfigurationList section */
		D324F0FA2E1F4C32002F3111 /* Build configuration list for PBXNativeTarget "TheMovieManagerNewDemo" */ = {
			isa = XCConfigurationList;
			buildConfigurations = (
				D324F0FB2E1F4C32002F3111 /* Debug */,
				D324F0FC2E1F4C32002F3111 /* Release */,
			);
			defaultConfigurationIsVisible = 0;
			defaultConfigurationName = Release;
		};
		D38E6A2A2E1CCA390011DE6A /* Build configuration list for PBXProject "TheMovieManagerNew" */ = {
			isa = XCConfigurationList;
			buildConfigurations = (
				D38E6A422E1CCA390011DE6A /* Debug */,
				D38E6A432E1CCA390011DE6A /* Release */,
			);
			defaultConfigurationIsVisible = 0;
			defaultConfigurationName = Release;
		};
		D38E6A442E1CCA390011DE6A /* Build configuration list for PBXNativeTarget "TheMovieManagerNew" */ = {
			isa = XCConfigurationList;
			buildConfigurations = (
				D38E6A452E1CCA390011DE6A /* Debug */,
				D38E6A462E1CCA390011DE6A /* Release */,
			);
			defaultConfigurationIsVisible = 0;
			defaultConfigurationName = Release;
		};
		D38E6A472E1CCA390011DE6A /* Build configuration list for PBXNativeTarget "TheMovieManagerNewTests" */ = {
			isa = XCConfigurationList;
			buildConfigurations = (
				D38E6A482E1CCA390011DE6A /* Debug */,
				D38E6A492E1CCA390011DE6A /* Release */,
			);
			defaultConfigurationIsVisible = 0;
			defaultConfigurationName = Release;
		};
/* End XCConfigurationList section */

/* Begin XCRemoteSwiftPackageReference section */
		D324F06A2E1EF066002F3111 /* XCRemoteSwiftPackageReference "SnapKit" */ = {
			isa = XCRemoteSwiftPackageReference;
			repositoryURL = "https://github.com/SnapKit/SnapKit";
			requirement = {
				kind = upToNextMajorVersion;
				minimumVersion = 5.0.0;
			};
		};
/* End XCRemoteSwiftPackageReference section */

/* Begin XCSwiftPackageProductDependency section */
		D324F06B2E1EF066002F3111 /* SnapKit */ = {
			isa = XCSwiftPackageProductDependency;
			package = D324F06A2E1EF066002F3111 /* XCRemoteSwiftPackageReference "SnapKit" */;
			productName = SnapKit;
		};
/* End XCSwiftPackageProductDependency section */
	};
	rootObject = D38E6A272E1CCA390011DE6A /* Project object */;
}
